
Microsoft Visual Studio Solution File, Format Version 12.00
# Visual Studio Version 17
VisualStudioVersion = 17.4.33213.308
MinimumVisualStudioVersion = 10.0.40219.1
Project("{9A19103F-16F7-4668-BE54-9A1E7A4F7556}") = "TravelSite", "TravelSite\TravelSite.csproj", "{26D13528-4AF6-4194-9B92-3DF7FEF4417B}"
EndProject
Project("{FAE04EC0-301F-11D3-BF4B-00C04F79EFBC}") = "TravelSite.Tests", "TravelSite.Tests\TravelSite.Tests.csproj", "{E4D677AA-05DC-4766-818E-8D7F0D96A879}"
EndProject
Global
	GlobalSection(SolutionConfigurationPlatforms) = preSolution
		Debug|Any CPU = Debug|Any CPU
		Release|Any CPU = Release|Any CPU
	EndGlobalSection
	GlobalSection(ProjectConfigurationPlatforms) = postSolution
		{26D13528-4AF6-4194-9B92-3DF7FEF4417B}.Debug|Any CPU.ActiveCfg = Debug|Any CPU
		{26D13528-4AF6-4194-9B92-3DF7FEF4417B}.Debug|Any CPU.Build.0 = Debug|Any CPU
		{26D13528-4AF6-4194-9B92-3DF7FEF4417B}.Release|Any CPU.ActiveCfg = Release|Any CPU
		{26D13528-4AF6-4194-9B92-3DF7FEF4417B}.Release|Any CPU.Build.0 = Release|Any CPU
		{E4D677AA-05DC-4766-818E-8D7F0D96A879}.Debug|Any CPU.ActiveCfg = Debug|Any CPU
		{E4D677AA-05DC-4766-818E-8D7F0D96A879}.Debug|Any CPU.Build.0 = Debug|Any CPU
		{E4D677AA-05DC-4766-818E-8D7F0D96A879}.Release|Any CPU.ActiveCfg = Release|Any CPU
		{E4D677AA-05DC-4766-818E-8D7F0D96A879}.Release|Any CPU.Build.0 = Release|Any CPU
	EndGlobalSection
	GlobalSection(SolutionProperties) = preSolution
		HideSolutionNode = FALSE
	EndGlobalSection
	GlobalSection(ExtensibilityGlobals) = postSolution
		SolutionGuid = {BDBB911E-9799-4E6B-B067-E53A661EAE09}
	EndGlobalSection
EndGlobal
